
Microsoft Visual Studio Solution File, Format Version 12.00
# Visual Studio 15
VisualStudioVersion = 15.0.27130.2027
MinimumVisualStudioVersion = 10.0.40219.1
Project("{FAE04EC0-301F-11D3-BF4B-00C04F79EFBC}") = "AzureADB2C.API", "AzureADB2C.API\AzureADB2C.API.csproj", "{5A185018-120F-4FEF-902A-9592C1F22E34}"
EndProject
Project("{FAE04EC0-301F-11D3-BF4B-00C04F79EFBC}") = "AzureADB2C.WebApp", "AzureADB2C.WebApp\AzureADB2C.WebApp.csproj", "{69351BCD-272B-4525-AEE8-C46D7A8B5781}"
EndProject
Global
	GlobalSection(SolutionConfigurationPlatforms) = preSolution
		Debug|Any CPU = Debug|Any CPU
		Release|Any CPU = Release|Any CPU
	EndGlobalSection
	GlobalSection(ProjectConfigurationPlatforms) = postSolution
		{5A185018-120F-4FEF-902A-9592C1F22E34}.Debug|Any CPU.ActiveCfg = Debug|Any CPU
		{5A185018-120F-4FEF-902A-9592C1F22E34}.Debug|Any CPU.Build.0 = Debug|Any CPU
		{5A185018-120F-4FEF-902A-9592C1F22E34}.Release|Any CPU.ActiveCfg = Release|Any CPU
		{5A185018-120F-4FEF-902A-9592C1F22E34}.Release|Any CPU.Build.0 = Release|Any CPU
		{69351BCD-272B-4525-AEE8-C46D7A8B5781}.Debug|Any CPU.ActiveCfg = Debug|Any CPU
		{69351BCD-272B-4525-AEE8-C46D7A8B5781}.Debug|Any CPU.Build.0 = Debug|Any CPU
		{69351BCD-272B-4525-AEE8-C46D7A8B5781}.Release|Any CPU.ActiveCfg = Release|Any CPU
		{69351BCD-272B-4525-AEE8-C46D7A8B5781}.Release|Any CPU.Build.0 = Release|Any CPU
	EndGlobalSection
	GlobalSection(SolutionProperties) = preSolution
		HideSolutionNode = FALSE
	EndGlobalSection
	GlobalSection(ExtensibilityGlobals) = postSolution
		SolutionGuid = {00E4C85C-3734-41B1-9068-16AA883BC955}
	EndGlobalSection
EndGlobal
